// !$*UTF8*$!
{
	archiveVersion = 1;
	classes = {
	};
	objectVersion = 51;
	objects = {

/* Begin PBXBuildFile section */
		089BBF0AF6FE34DA3AFA68CC /* Pods_QuickstartTests.framework in Frameworks */ = {isa = PBXBuildFile; fileRef = 39957DD8383C07D44A1F3108 /* Pods_QuickstartTests.framework */; };
		52CD400CE3414EB4A5300691 /* Pods_Quickstart.framework in Frameworks */ = {isa = PBXBuildFile; fileRef = 7077BB33A20E7B37059497CB /* Pods_Quickstart.framework */; };
		8A037AD3251CB87700FDC5B9 /* AppDelegate.swift in Sources */ = {isa = PBXBuildFile; fileRef = 8A037AD2251CB87700FDC5B9 /* AppDelegate.swift */; };
		8A037AD5251CB87700FDC5B9 /* SceneDelegate.swift in Sources */ = {isa = PBXBuildFile; fileRef = 8A037AD4251CB87700FDC5B9 /* SceneDelegate.swift */; };
		8A037AD8251CB87700FDC5B9 /* Quickstart.xcdatamodeld in Sources */ = {isa = PBXBuildFile; fileRef = 8A037AD6251CB87700FDC5B9 /* Quickstart.xcdatamodeld */; };
		8A037ADA251CB87700FDC5B9 /* ContentView.swift in Sources */ = {isa = PBXBuildFile; fileRef = 8A037AD9251CB87700FDC5B9 /* ContentView.swift */; };
		8A037ADC251CB87900FDC5B9 /* Assets.xcassets in Resources */ = {isa = PBXBuildFile; fileRef = 8A037ADB251CB87900FDC5B9 /* Assets.xcassets */; };
		8A037ADF251CB87900FDC5B9 /* Preview Assets.xcassets in Resources */ = {isa = PBXBuildFile; fileRef = 8A037ADE251CB87900FDC5B9 /* Preview Assets.xcassets */; };
		8A037AE2251CB87900FDC5B9 /* LaunchScreen.storyboard in Resources */ = {isa = PBXBuildFile; fileRef = 8A037AE0251CB87900FDC5B9 /* LaunchScreen.storyboard */; };
		8A037AED251CB87900FDC5B9 /* QuickstartTests.swift in Sources */ = {isa = PBXBuildFile; fileRef = 8A037AEC251CB87900FDC5B9 /* QuickstartTests.swift */; };
		8A037AF8251CB87900FDC5B9 /* QuickstartUITests.swift in Sources */ = {isa = PBXBuildFile; fileRef = 8A037AF7251CB87900FDC5B9 /* QuickstartUITests.swift */; };
		8A572AE6251DE13000E4F97C /* SplashViewController.swift in Sources */ = {isa = PBXBuildFile; fileRef = 8A572AE5251DE13000E4F97C /* SplashViewController.swift */; };
		8A572AEB251DFD1200E4F97C /* LoginViewController.swift in Sources */ = {isa = PBXBuildFile; fileRef = 8A572AEA251DFD1200E4F97C /* LoginViewController.swift */; };
		8A572AEE251E004B00E4F97C /* ApiRouter.swift in Sources */ = {isa = PBXBuildFile; fileRef = 8A572AED251E004B00E4F97C /* ApiRouter.swift */; };
		8A572AF1251E00D300E4F97C /* NetworkingConstants.swift in Sources */ = {isa = PBXBuildFile; fileRef = 8A572AF0251E00D300E4F97C /* NetworkingConstants.swift */; };
		8A572AF3251E019000E4F97C /* ApiRequest.swift in Sources */ = {isa = PBXBuildFile; fileRef = 8A572AF2251E019000E4F97C /* ApiRequest.swift */; };
		8A572AF6251E04E500E4F97C /* LoginService.swift in Sources */ = {isa = PBXBuildFile; fileRef = 8A572AF5251E04E500E4F97C /* LoginService.swift */; };
		8A572AF9251E060200E4F97C /* Posts.swift in Sources */ = {isa = PBXBuildFile; fileRef = 8A572AF8251E060200E4F97C /* Posts.swift */; };
		8A572AFC251E06AB00E4F97C /* LoginPresenter.swift in Sources */ = {isa = PBXBuildFile; fileRef = 8A572AFB251E06AB00E4F97C /* LoginPresenter.swift */; };
		8A572AFF251E079400E4F97C /* BasePresenter.swift in Sources */ = {isa = PBXBuildFile; fileRef = 8A572AFE251E079400E4F97C /* BasePresenter.swift */; };
		8A572B04251E0C6F00E4F97C /* BaseController.swift in Sources */ = {isa = PBXBuildFile; fileRef = 8A572B03251E0C6F00E4F97C /* BaseController.swift */; };
		8A572B08251E160300E4F97C /* LocalizationSystem.swift in Sources */ = {isa = PBXBuildFile; fileRef = 8A572B07251E160300E4F97C /* LocalizationSystem.swift */; };
		8A572B0C251E165000E4F97C /* LocalisationStrings.strings in Resources */ = {isa = PBXBuildFile; fileRef = 8A572B0E251E165000E4F97C /* LocalisationStrings.strings */; };
		C46FD8BBA68FBF003AB96DD7 /* Pods_Quickstart_QuickstartUITests.framework in Frameworks */ = {isa = PBXBuildFile; fileRef = 7BA71BDBC5D4F3F098F38D0D /* Pods_Quickstart_QuickstartUITests.framework */; };
/* End PBXBuildFile section */

/* Begin PBXContainerItemProxy section */
		8A037AE9251CB87900FDC5B9 /* PBXContainerItemProxy */ = {
			isa = PBXContainerItemProxy;
			containerPortal = 8A037AC7251CB87700FDC5B9 /* Project object */;
			proxyType = 1;
			remoteGlobalIDString = 8A037ACE251CB87700FDC5B9;
			remoteInfo = Quickstart;
		};
		8A037AF4251CB87900FDC5B9 /* PBXContainerItemProxy */ = {
			isa = PBXContainerItemProxy;
			containerPortal = 8A037AC7251CB87700FDC5B9 /* Project object */;
			proxyType = 1;
			remoteGlobalIDString = 8A037ACE251CB87700FDC5B9;
			remoteInfo = Quickstart;
		};
/* End PBXContainerItemProxy section */

/* Begin PBXFileReference section */
		39957DD8383C07D44A1F3108 /* Pods_QuickstartTests.framework */ = {isa = PBXFileReference; explicitFileType = wrapper.framework; includeInIndex = 0; path = Pods_QuickstartTests.framework; sourceTree = BUILT_PRODUCTS_DIR; };
		601E7FBE2826CA4F651104CD /* Pods-QuickstartTests.debug.xcconfig */ = {isa = PBXFileReference; includeInIndex = 1; lastKnownFileType = text.xcconfig; name = "Pods-QuickstartTests.debug.xcconfig"; path = "Target Support Files/Pods-QuickstartTests/Pods-QuickstartTests.debug.xcconfig"; sourceTree = "<group>"; };
		69CF51837C15C6BCBD93E706 /* Pods-Quickstart-QuickstartUITests.debug.xcconfig */ = {isa = PBXFileReference; includeInIndex = 1; lastKnownFileType = text.xcconfig; name = "Pods-Quickstart-QuickstartUITests.debug.xcconfig"; path = "Target Support Files/Pods-Quickstart-QuickstartUITests/Pods-Quickstart-QuickstartUITests.debug.xcconfig"; sourceTree = "<group>"; };
		7077BB33A20E7B37059497CB /* Pods_Quickstart.framework */ = {isa = PBXFileReference; explicitFileType = wrapper.framework; includeInIndex = 0; path = Pods_Quickstart.framework; sourceTree = BUILT_PRODUCTS_DIR; };
		7BA71BDBC5D4F3F098F38D0D /* Pods_Quickstart_QuickstartUITests.framework */ = {isa = PBXFileReference; explicitFileType = wrapper.framework; includeInIndex = 0; path = Pods_Quickstart_QuickstartUITests.framework; sourceTree = BUILT_PRODUCTS_DIR; };
		8A037ACF251CB87700FDC5B9 /* Quickstart.app */ = {isa = PBXFileReference; explicitFileType = wrapper.application; includeInIndex = 0; path = Quickstart.app; sourceTree = BUILT_PRODUCTS_DIR; };
		8A037AD2251CB87700FDC5B9 /* AppDelegate.swift */ = {isa = PBXFileReference; lastKnownFileType = sourcecode.swift; path = AppDelegate.swift; sourceTree = "<group>"; };
		8A037AD4251CB87700FDC5B9 /* SceneDelegate.swift */ = {isa = PBXFileReference; lastKnownFileType = sourcecode.swift; path = SceneDelegate.swift; sourceTree = "<group>"; };
		8A037AD7251CB87700FDC5B9 /* Quickstart.xcdatamodel */ = {isa = PBXFileReference; lastKnownFileType = wrapper.xcdatamodel; path = Quickstart.xcdatamodel; sourceTree = "<group>"; };
		8A037AD9251CB87700FDC5B9 /* ContentView.swift */ = {isa = PBXFileReference; lastKnownFileType = sourcecode.swift; path = ContentView.swift; sourceTree = "<group>"; };
		8A037ADB251CB87900FDC5B9 /* Assets.xcassets */ = {isa = PBXFileReference; lastKnownFileType = folder.assetcatalog; path = Assets.xcassets; sourceTree = "<group>"; };
		8A037ADE251CB87900FDC5B9 /* Preview Assets.xcassets */ = {isa = PBXFileReference; lastKnownFileType = folder.assetcatalog; path = "Preview Assets.xcassets"; sourceTree = "<group>"; };
		8A037AE1251CB87900FDC5B9 /* Base */ = {isa = PBXFileReference; lastKnownFileType = file.storyboard; name = Base; path = Base.lproj/LaunchScreen.storyboard; sourceTree = "<group>"; };
		8A037AE3251CB87900FDC5B9 /* Info.plist */ = {isa = PBXFileReference; lastKnownFileType = text.plist.xml; path = Info.plist; sourceTree = "<group>"; };
		8A037AE8251CB87900FDC5B9 /* QuickstartTests.xctest */ = {isa = PBXFileReference; explicitFileType = wrapper.cfbundle; includeInIndex = 0; path = QuickstartTests.xctest; sourceTree = BUILT_PRODUCTS_DIR; };
		8A037AEC251CB87900FDC5B9 /* QuickstartTests.swift */ = {isa = PBXFileReference; lastKnownFileType = sourcecode.swift; path = QuickstartTests.swift; sourceTree = "<group>"; };
		8A037AEE251CB87900FDC5B9 /* Info.plist */ = {isa = PBXFileReference; lastKnownFileType = text.plist.xml; path = Info.plist; sourceTree = "<group>"; };
		8A037AF3251CB87900FDC5B9 /* QuickstartUITests.xctest */ = {isa = PBXFileReference; explicitFileType = wrapper.cfbundle; includeInIndex = 0; path = QuickstartUITests.xctest; sourceTree = BUILT_PRODUCTS_DIR; };
		8A037AF7251CB87900FDC5B9 /* QuickstartUITests.swift */ = {isa = PBXFileReference; lastKnownFileType = sourcecode.swift; path = QuickstartUITests.swift; sourceTree = "<group>"; };
		8A037AF9251CB87900FDC5B9 /* Info.plist */ = {isa = PBXFileReference; lastKnownFileType = text.plist.xml; path = Info.plist; sourceTree = "<group>"; };
		8A572AE5251DE13000E4F97C /* SplashViewController.swift */ = {isa = PBXFileReference; lastKnownFileType = sourcecode.swift; path = SplashViewController.swift; sourceTree = "<group>"; };
		8A572AEA251DFD1200E4F97C /* LoginViewController.swift */ = {isa = PBXFileReference; lastKnownFileType = sourcecode.swift; path = LoginViewController.swift; sourceTree = "<group>"; };
		8A572AED251E004B00E4F97C /* ApiRouter.swift */ = {isa = PBXFileReference; lastKnownFileType = sourcecode.swift; path = ApiRouter.swift; sourceTree = "<group>"; };
		8A572AF0251E00D300E4F97C /* NetworkingConstants.swift */ = {isa = PBXFileReference; lastKnownFileType = sourcecode.swift; path = NetworkingConstants.swift; sourceTree = "<group>"; };
		8A572AF2251E019000E4F97C /* ApiRequest.swift */ = {isa = PBXFileReference; lastKnownFileType = sourcecode.swift; path = ApiRequest.swift; sourceTree = "<group>"; };
		8A572AF5251E04E500E4F97C /* LoginService.swift */ = {isa = PBXFileReference; lastKnownFileType = sourcecode.swift; path = LoginService.swift; sourceTree = "<group>"; };
		8A572AF8251E060200E4F97C /* Posts.swift */ = {isa = PBXFileReference; lastKnownFileType = sourcecode.swift; path = Posts.swift; sourceTree = "<group>"; };
		8A572AFB251E06AB00E4F97C /* LoginPresenter.swift */ = {isa = PBXFileReference; lastKnownFileType = sourcecode.swift; path = LoginPresenter.swift; sourceTree = "<group>"; };
		8A572AFE251E079400E4F97C /* BasePresenter.swift */ = {isa = PBXFileReference; lastKnownFileType = sourcecode.swift; path = BasePresenter.swift; sourceTree = "<group>"; };
		8A572B03251E0C6F00E4F97C /* BaseController.swift */ = {isa = PBXFileReference; lastKnownFileType = sourcecode.swift; path = BaseController.swift; sourceTree = "<group>"; };
		8A572B07251E160300E4F97C /* LocalizationSystem.swift */ = {isa = PBXFileReference; lastKnownFileType = sourcecode.swift; path = LocalizationSystem.swift; sourceTree = "<group>"; };
		8A572B0D251E165000E4F97C /* en */ = {isa = PBXFileReference; lastKnownFileType = text.plist.strings; name = en; path = en.lproj/LocalisationStrings.strings; sourceTree = "<group>"; };
		8A572B0F251E166000E4F97C /* ar */ = {isa = PBXFileReference; lastKnownFileType = text.plist.strings; name = ar; path = ar.lproj/LaunchScreen.strings; sourceTree = "<group>"; };
		8A572B10251E166100E4F97C /* ar */ = {isa = PBXFileReference; lastKnownFileType = text.plist.strings; name = ar; path = ar.lproj/LocalisationStrings.strings; sourceTree = "<group>"; };
		8BC781D42CA926F799428175 /* Pods-Quickstart-QuickstartUITests.release.xcconfig */ = {isa = PBXFileReference; includeInIndex = 1; lastKnownFileType = text.xcconfig; name = "Pods-Quickstart-QuickstartUITests.release.xcconfig"; path = "Target Support Files/Pods-Quickstart-QuickstartUITests/Pods-Quickstart-QuickstartUITests.release.xcconfig"; sourceTree = "<group>"; };
		A11CD36D8975FAD2AF4BA057 /* Pods-QuickstartTests.release.xcconfig */ = {isa = PBXFileReference; includeInIndex = 1; lastKnownFileType = text.xcconfig; name = "Pods-QuickstartTests.release.xcconfig"; path = "Target Support Files/Pods-QuickstartTests/Pods-QuickstartTests.release.xcconfig"; sourceTree = "<group>"; };
		CC4251459166D257485B25B8 /* Pods-Quickstart.debug.xcconfig */ = {isa = PBXFileReference; includeInIndex = 1; lastKnownFileType = text.xcconfig; name = "Pods-Quickstart.debug.xcconfig"; path = "Target Support Files/Pods-Quickstart/Pods-Quickstart.debug.xcconfig"; sourceTree = "<group>"; };
		D3D02939411481C1F8988568 /* Pods-Quickstart.release.xcconfig */ = {isa = PBXFileReference; includeInIndex = 1; lastKnownFileType = text.xcconfig; name = "Pods-Quickstart.release.xcconfig"; path = "Target Support Files/Pods-Quickstart/Pods-Quickstart.release.xcconfig"; sourceTree = "<group>"; };
/* End PBXFileReference section */

/* Begin PBXFrameworksBuildPhase section */
		8A037ACC251CB87700FDC5B9 /* Frameworks */ = {
			isa = PBXFrameworksBuildPhase;
			buildActionMask = 2147483647;
			files = (
				52CD400CE3414EB4A5300691 /* Pods_Quickstart.framework in Frameworks */,
			);
			runOnlyForDeploymentPostprocessing = 0;
		};
		8A037AE5251CB87900FDC5B9 /* Frameworks */ = {
			isa = PBXFrameworksBuildPhase;
			buildActionMask = 2147483647;
			files = (
				089BBF0AF6FE34DA3AFA68CC /* Pods_QuickstartTests.framework in Frameworks */,
			);
			runOnlyForDeploymentPostprocessing = 0;
		};
		8A037AF0251CB87900FDC5B9 /* Frameworks */ = {
			isa = PBXFrameworksBuildPhase;
			buildActionMask = 2147483647;
			files = (
				C46FD8BBA68FBF003AB96DD7 /* Pods_Quickstart_QuickstartUITests.framework in Frameworks */,
			);
			runOnlyForDeploymentPostprocessing = 0;
		};
/* End PBXFrameworksBuildPhase section */

/* Begin PBXGroup section */
		261A98614BB304A409F0D1C7 /* Frameworks */ = {
			isa = PBXGroup;
			children = (
				7077BB33A20E7B37059497CB /* Pods_Quickstart.framework */,
				7BA71BDBC5D4F3F098F38D0D /* Pods_Quickstart_QuickstartUITests.framework */,
				39957DD8383C07D44A1F3108 /* Pods_QuickstartTests.framework */,
			);
			name = Frameworks;
			sourceTree = "<group>";
		};
		8A037AC6251CB87700FDC5B9 = {
			isa = PBXGroup;
			children = (
				8A037AD1251CB87700FDC5B9 /* Quickstart */,
				8A037AEB251CB87900FDC5B9 /* QuickstartTests */,
				8A037AF6251CB87900FDC5B9 /* QuickstartUITests */,
				8A037AD0251CB87700FDC5B9 /* Products */,
				A03F393D405D3751D6E5DC0F /* Pods */,
				261A98614BB304A409F0D1C7 /* Frameworks */,
			);
			sourceTree = "<group>";
		};
		8A037AD0251CB87700FDC5B9 /* Products */ = {
			isa = PBXGroup;
			children = (
				8A037ACF251CB87700FDC5B9 /* Quickstart.app */,
				8A037AE8251CB87900FDC5B9 /* QuickstartTests.xctest */,
				8A037AF3251CB87900FDC5B9 /* QuickstartUITests.xctest */,
			);
			name = Products;
			sourceTree = "<group>";
		};
		8A037AD1251CB87700FDC5B9 /* Quickstart */ = {
			isa = PBXGroup;
			children = (
				8A572B05251E15EF00E4F97C /* App */,
				8A572AFD251E078900E4F97C /* Base */,
				8A572AE9251DFBE000E4F97C /* Networking */,
				8A037B05251CCAAF00FDC5B9 /* Controllers */,
				8A037AD2251CB87700FDC5B9 /* AppDelegate.swift */,
				8A037AD4251CB87700FDC5B9 /* SceneDelegate.swift */,
				8A037AD9251CB87700FDC5B9 /* ContentView.swift */,
				8A037ADB251CB87900FDC5B9 /* Assets.xcassets */,
				8A037AE0251CB87900FDC5B9 /* LaunchScreen.storyboard */,
				8A037AE3251CB87900FDC5B9 /* Info.plist */,
				8A037AD6251CB87700FDC5B9 /* Quickstart.xcdatamodeld */,
				8A037ADD251CB87900FDC5B9 /* Preview Content */,
			);
			path = Quickstart;
			sourceTree = "<group>";
		};
		8A037ADD251CB87900FDC5B9 /* Preview Content */ = {
			isa = PBXGroup;
			children = (
				8A037ADE251CB87900FDC5B9 /* Preview Assets.xcassets */,
			);
			path = "Preview Content";
			sourceTree = "<group>";
		};
		8A037AEB251CB87900FDC5B9 /* QuickstartTests */ = {
			isa = PBXGroup;
			children = (
				8A037AEC251CB87900FDC5B9 /* QuickstartTests.swift */,
				8A037AEE251CB87900FDC5B9 /* Info.plist */,
			);
			path = QuickstartTests;
			sourceTree = "<group>";
		};
		8A037AF6251CB87900FDC5B9 /* QuickstartUITests */ = {
			isa = PBXGroup;
			children = (
				8A037AF7251CB87900FDC5B9 /* QuickstartUITests.swift */,
				8A037AF9251CB87900FDC5B9 /* Info.plist */,
			);
			path = QuickstartUITests;
			sourceTree = "<group>";
		};
		8A037B05251CCAAF00FDC5B9 /* Controllers */ = {
			isa = PBXGroup;
			children = (
				8A572AE8251DF94A00E4F97C /* Login */,
				8A572AE7251DF94400E4F97C /* Splash */,
			);
			path = Controllers;
			sourceTree = "<group>";
		};
		8A572AE7251DF94400E4F97C /* Splash */ = {
			isa = PBXGroup;
			children = (
				8A572AE5251DE13000E4F97C /* SplashViewController.swift */,
			);
			path = Splash;
			sourceTree = "<group>";
		};
		8A572AE8251DF94A00E4F97C /* Login */ = {
			isa = PBXGroup;
			children = (
				8A572AFA251E06A100E4F97C /* Presenter */,
				8A572AF7251E05FA00E4F97C /* Model */,
				8A572AF4251E04D700E4F97C /* Service */,
				8A572AEA251DFD1200E4F97C /* LoginViewController.swift */,
			);
			path = Login;
			sourceTree = "<group>";
		};
		8A572AE9251DFBE000E4F97C /* Networking */ = {
			isa = PBXGroup;
			children = (
				8A572AEF251E00B400E4F97C /* Constants */,
				8A572AEC251E001E00E4F97C /* Router */,
			);
			path = Networking;
			sourceTree = "<group>";
		};
		8A572AEC251E001E00E4F97C /* Router */ = {
			isa = PBXGroup;
			children = (
				8A572AED251E004B00E4F97C /* ApiRouter.swift */,
				8A572AF2251E019000E4F97C /* ApiRequest.swift */,
			);
			path = Router;
			sourceTree = "<group>";
		};
		8A572AEF251E00B400E4F97C /* Constants */ = {
			isa = PBXGroup;
			children = (
				8A572AF0251E00D300E4F97C /* NetworkingConstants.swift */,
			);
			path = Constants;
			sourceTree = "<group>";
		};
		8A572AF4251E04D700E4F97C /* Service */ = {
			isa = PBXGroup;
			children = (
				8A572AF5251E04E500E4F97C /* LoginService.swift */,
			);
			path = Service;
			sourceTree = "<group>";
		};
		8A572AF7251E05FA00E4F97C /* Model */ = {
			isa = PBXGroup;
			children = (
				8A572AF8251E060200E4F97C /* Posts.swift */,
			);
			path = Model;
			sourceTree = "<group>";
		};
		8A572AFA251E06A100E4F97C /* Presenter */ = {
			isa = PBXGroup;
			children = (
				8A572AFB251E06AB00E4F97C /* LoginPresenter.swift */,
			);
			path = Presenter;
			sourceTree = "<group>";
		};
		8A572AFD251E078900E4F97C /* Base */ = {
			isa = PBXGroup;
			children = (
				8A572AFE251E079400E4F97C /* BasePresenter.swift */,
				8A572B03251E0C6F00E4F97C /* BaseController.swift */,
			);
			path = Base;
			sourceTree = "<group>";
		};
		8A572B05251E15EF00E4F97C /* App */ = {
			isa = PBXGroup;
			children = (
				8A572B06251E15F600E4F97C /* Localisation */,
			);
			path = App;
			sourceTree = "<group>";
		};
		8A572B06251E15F600E4F97C /* Localisation */ = {
			isa = PBXGroup;
			children = (
				8A572B07251E160300E4F97C /* LocalizationSystem.swift */,
				8A572B0E251E165000E4F97C /* LocalisationStrings.strings */,
			);
			path = Localisation;
			sourceTree = "<group>";
		};
		A03F393D405D3751D6E5DC0F /* Pods */ = {
			isa = PBXGroup;
			children = (
				CC4251459166D257485B25B8 /* Pods-Quickstart.debug.xcconfig */,
				D3D02939411481C1F8988568 /* Pods-Quickstart.release.xcconfig */,
				69CF51837C15C6BCBD93E706 /* Pods-Quickstart-QuickstartUITests.debug.xcconfig */,
				8BC781D42CA926F799428175 /* Pods-Quickstart-QuickstartUITests.release.xcconfig */,
				601E7FBE2826CA4F651104CD /* Pods-QuickstartTests.debug.xcconfig */,
				A11CD36D8975FAD2AF4BA057 /* Pods-QuickstartTests.release.xcconfig */,
			);
			path = Pods;
			sourceTree = "<group>";
		};
/* End PBXGroup section */

/* Begin PBXNativeTarget section */
		8A037ACE251CB87700FDC5B9 /* Quickstart */ = {
			isa = PBXNativeTarget;
			buildConfigurationList = 8A037AFC251CB87900FDC5B9 /* Build configuration list for PBXNativeTarget "Quickstart" */;
			buildPhases = (
				7806DFA944061472E7134CA2 /* [CP] Check Pods Manifest.lock */,
				8A037ACB251CB87700FDC5B9 /* Sources */,
				8A037ACC251CB87700FDC5B9 /* Frameworks */,
				8A037ACD251CB87700FDC5B9 /* Resources */,
				8D8CD59A5286FC5BE93A0998 /* [CP] Embed Pods Frameworks */,
			);
			buildRules = (
			);
			dependencies = (
			);
			name = Quickstart;
			productName = Quickstart;
			productReference = 8A037ACF251CB87700FDC5B9 /* Quickstart.app */;
			productType = "com.apple.product-type.application";
		};
		8A037AE7251CB87900FDC5B9 /* QuickstartTests */ = {
			isa = PBXNativeTarget;
			buildConfigurationList = 8A037AFF251CB87900FDC5B9 /* Build configuration list for PBXNativeTarget "QuickstartTests" */;
			buildPhases = (
				A7A445C0FE717219D6A9DB6E /* [CP] Check Pods Manifest.lock */,
				8A037AE4251CB87900FDC5B9 /* Sources */,
				8A037AE5251CB87900FDC5B9 /* Frameworks */,
				8A037AE6251CB87900FDC5B9 /* Resources */,
			);
			buildRules = (
			);
			dependencies = (
				8A037AEA251CB87900FDC5B9 /* PBXTargetDependency */,
			);
			name = QuickstartTests;
			productName = QuickstartTests;
			productReference = 8A037AE8251CB87900FDC5B9 /* QuickstartTests.xctest */;
			productType = "com.apple.product-type.bundle.unit-test";
		};
		8A037AF2251CB87900FDC5B9 /* QuickstartUITests */ = {
			isa = PBXNativeTarget;
			buildConfigurationList = 8A037B02251CB87900FDC5B9 /* Build configuration list for PBXNativeTarget "QuickstartUITests" */;
			buildPhases = (
				BE3CF4ABFA1AA81F6C077DF5 /* [CP] Check Pods Manifest.lock */,
				8A037AEF251CB87900FDC5B9 /* Sources */,
				8A037AF0251CB87900FDC5B9 /* Frameworks */,
				8A037AF1251CB87900FDC5B9 /* Resources */,
				030FD78ACF49FCA77EFA8755 /* [CP] Embed Pods Frameworks */,
			);
			buildRules = (
			);
			dependencies = (
				8A037AF5251CB87900FDC5B9 /* PBXTargetDependency */,
			);
			name = QuickstartUITests;
			productName = QuickstartUITests;
			productReference = 8A037AF3251CB87900FDC5B9 /* QuickstartUITests.xctest */;
			productType = "com.apple.product-type.bundle.ui-testing";
		};
/* End PBXNativeTarget section */

/* Begin PBXProject section */
		8A037AC7251CB87700FDC5B9 /* Project object */ = {
			isa = PBXProject;
			attributes = {
				LastSwiftUpdateCheck = 1160;
				LastUpgradeCheck = 1160;
				ORGANIZATIONNAME = Salil;
				TargetAttributes = {
					8A037ACE251CB87700FDC5B9 = {
						CreatedOnToolsVersion = 11.6;
					};
					8A037AE7251CB87900FDC5B9 = {
						CreatedOnToolsVersion = 11.6;
						TestTargetID = 8A037ACE251CB87700FDC5B9;
					};
					8A037AF2251CB87900FDC5B9 = {
						CreatedOnToolsVersion = 11.6;
						TestTargetID = 8A037ACE251CB87700FDC5B9;
					};
				};
			};
			buildConfigurationList = 8A037ACA251CB87700FDC5B9 /* Build configuration list for PBXProject "Quickstart" */;
			compatibilityVersion = "Xcode 9.3";
			developmentRegion = en;
			hasScannedForEncodings = 0;
			knownRegions = (
				en,
				Base,
				ar,
			);
			mainGroup = 8A037AC6251CB87700FDC5B9;
			productRefGroup = 8A037AD0251CB87700FDC5B9 /* Products */;
			projectDirPath = "";
			projectRoot = "";
			targets = (
				8A037ACE251CB87700FDC5B9 /* Quickstart */,
				8A037AE7251CB87900FDC5B9 /* QuickstartTests */,
				8A037AF2251CB87900FDC5B9 /* QuickstartUITests */,
			);
		};
/* End PBXProject section */

/* Begin PBXResourcesBuildPhase section */
		8A037ACD251CB87700FDC5B9 /* Resources */ = {
			isa = PBXResourcesBuildPhase;
			buildActionMask = 2147483647;
			files = (
				8A037AE2251CB87900FDC5B9 /* LaunchScreen.storyboard in Resources */,
				8A037ADF251CB87900FDC5B9 /* Preview Assets.xcassets in Resources */,
				8A037ADC251CB87900FDC5B9 /* Assets.xcassets in Resources */,
				8A572B0C251E165000E4F97C /* LocalisationStrings.strings in Resources */,
			);
			runOnlyForDeploymentPostprocessing = 0;
		};
		8A037AE6251CB87900FDC5B9 /* Resources */ = {
			isa = PBXResourcesBuildPhase;
			buildActionMask = 2147483647;
			files = (
			);
			runOnlyForDeploymentPostprocessing = 0;
		};
		8A037AF1251CB87900FDC5B9 /* Resources */ = {
			isa = PBXResourcesBuildPhase;
			buildActionMask = 2147483647;
			files = (
			);
			runOnlyForDeploymentPostprocessing = 0;
		};
/* End PBXResourcesBuildPhase section */

/* Begin PBXShellScriptBuildPhase section */
		030FD78ACF49FCA77EFA8755 /* [CP] Embed Pods Frameworks */ = {
			isa = PBXShellScriptBuildPhase;
			buildActionMask = 2147483647;
			files = (
			);
			inputFileListPaths = (
				"${PODS_ROOT}/Target Support Files/Pods-Quickstart-QuickstartUITests/Pods-Quickstart-QuickstartUITests-frameworks-${CONFIGURATION}-input-files.xcfilelist",
			);
			name = "[CP] Embed Pods Frameworks";
			outputFileListPaths = (
				"${PODS_ROOT}/Target Support Files/Pods-Quickstart-QuickstartUITests/Pods-Quickstart-QuickstartUITests-frameworks-${CONFIGURATION}-output-files.xcfilelist",
			);
			runOnlyForDeploymentPostprocessing = 0;
			shellPath = /bin/sh;
			shellScript = "\"${PODS_ROOT}/Target Support Files/Pods-Quickstart-QuickstartUITests/Pods-Quickstart-QuickstartUITests-frameworks.sh\"\n";
			showEnvVarsInLog = 0;
		};
		7806DFA944061472E7134CA2 /* [CP] Check Pods Manifest.lock */ = {
			isa = PBXShellScriptBuildPhase;
			buildActionMask = 2147483647;
			files = (
			);
			inputFileListPaths = (
			);
			inputPaths = (
				"${PODS_PODFILE_DIR_PATH}/Podfile.lock",
				"${PODS_ROOT}/Manifest.lock",
			);
			name = "[CP] Check Pods Manifest.lock";
			outputFileListPaths = (
			);
			outputPaths = (
				"$(DERIVED_FILE_DIR)/Pods-Quickstart-checkManifestLockResult.txt",
			);
			runOnlyForDeploymentPostprocessing = 0;
			shellPath = /bin/sh;
			shellScript = "diff \"${PODS_PODFILE_DIR_PATH}/Podfile.lock\" \"${PODS_ROOT}/Manifest.lock\" > /dev/null\nif [ $? != 0 ] ; then\n    # print error to STDERR\n    echo \"error: The sandbox is not in sync with the Podfile.lock. Run 'pod install' or update your CocoaPods installation.\" >&2\n    exit 1\nfi\n# This output is used by Xcode 'outputs' to avoid re-running this script phase.\necho \"SUCCESS\" > \"${SCRIPT_OUTPUT_FILE_0}\"\n";
			showEnvVarsInLog = 0;
		};
		8D8CD59A5286FC5BE93A0998 /* [CP] Embed Pods Frameworks */ = {
			isa = PBXShellScriptBuildPhase;
			buildActionMask = 2147483647;
			files = (
			);
			inputFileListPaths = (
				"${PODS_ROOT}/Target Support Files/Pods-Quickstart/Pods-Quickstart-frameworks-${CONFIGURATION}-input-files.xcfilelist",
			);
			name = "[CP] Embed Pods Frameworks";
			outputFileListPaths = (
				"${PODS_ROOT}/Target Support Files/Pods-Quickstart/Pods-Quickstart-frameworks-${CONFIGURATION}-output-files.xcfilelist",
			);
			runOnlyForDeploymentPostprocessing = 0;
			shellPath = /bin/sh;
			shellScript = "\"${PODS_ROOT}/Target Support Files/Pods-Quickstart/Pods-Quickstart-frameworks.sh\"\n";
			showEnvVarsInLog = 0;
		};
		A7A445C0FE717219D6A9DB6E /* [CP] Check Pods Manifest.lock */ = {
			isa = PBXShellScriptBuildPhase;
			buildActionMask = 2147483647;
			files = (
			);
			inputFileListPaths = (
			);
			inputPaths = (
				"${PODS_PODFILE_DIR_PATH}/Podfile.lock",
				"${PODS_ROOT}/Manifest.lock",
			);
			name = "[CP] Check Pods Manifest.lock";
			outputFileListPaths = (
			);
			outputPaths = (
				"$(DERIVED_FILE_DIR)/Pods-QuickstartTests-checkManifestLockResult.txt",
			);
			runOnlyForDeploymentPostprocessing = 0;
			shellPath = /bin/sh;
			shellScript = "diff \"${PODS_PODFILE_DIR_PATH}/Podfile.lock\" \"${PODS_ROOT}/Manifest.lock\" > /dev/null\nif [ $? != 0 ] ; then\n    # print error to STDERR\n    echo \"error: The sandbox is not in sync with the Podfile.lock. Run 'pod install' or update your CocoaPods installation.\" >&2\n    exit 1\nfi\n# This output is used by Xcode 'outputs' to avoid re-running this script phase.\necho \"SUCCESS\" > \"${SCRIPT_OUTPUT_FILE_0}\"\n";
			showEnvVarsInLog = 0;
		};
		BE3CF4ABFA1AA81F6C077DF5 /* [CP] Check Pods Manifest.lock */ = {
			isa = PBXShellScriptBuildPhase;
			buildActionMask = 2147483647;
			files = (
			);
			inputFileListPaths = (
			);
			inputPaths = (
				"${PODS_PODFILE_DIR_PATH}/Podfile.lock",
				"${PODS_ROOT}/Manifest.lock",
			);
			name = "[CP] Check Pods Manifest.lock";
			outputFileListPaths = (
			);
			outputPaths = (
				"$(DERIVED_FILE_DIR)/Pods-Quickstart-QuickstartUITests-checkManifestLockResult.txt",
			);
			runOnlyForDeploymentPostprocessing = 0;
			shellPath = /bin/sh;
			shellScript = "diff \"${PODS_PODFILE_DIR_PATH}/Podfile.lock\" \"${PODS_ROOT}/Manifest.lock\" > /dev/null\nif [ $? != 0 ] ; then\n    # print error to STDERR\n    echo \"error: The sandbox is not in sync with the Podfile.lock. Run 'pod install' or update your CocoaPods installation.\" >&2\n    exit 1\nfi\n# This output is used by Xcode 'outputs' to avoid re-running this script phase.\necho \"SUCCESS\" > \"${SCRIPT_OUTPUT_FILE_0}\"\n";
			showEnvVarsInLog = 0;
		};
/* End PBXShellScriptBuildPhase section */

/* Begin PBXSourcesBuildPhase section */
		8A037ACB251CB87700FDC5B9 /* Sources */ = {
			isa = PBXSourcesBuildPhase;
			buildActionMask = 2147483647;
			files = (
				8A572AFC251E06AB00E4F97C /* LoginPresenter.swift in Sources */,
				8A572AEB251DFD1200E4F97C /* LoginViewController.swift in Sources */,
				8A572B04251E0C6F00E4F97C /* BaseController.swift in Sources */,
				8A572AF1251E00D300E4F97C /* NetworkingConstants.swift in Sources */,
				8A037AD8251CB87700FDC5B9 /* Quickstart.xcdatamodeld in Sources */,
				8A037AD3251CB87700FDC5B9 /* AppDelegate.swift in Sources */,
				8A572B08251E160300E4F97C /* LocalizationSystem.swift in Sources */,
				8A037ADA251CB87700FDC5B9 /* ContentView.swift in Sources */,
				8A572AF3251E019000E4F97C /* ApiRequest.swift in Sources */,
				8A572AF9251E060200E4F97C /* Posts.swift in Sources */,
				8A572AFF251E079400E4F97C /* BasePresenter.swift in Sources */,
				8A037AD5251CB87700FDC5B9 /* SceneDelegate.swift in Sources */,
				8A572AF6251E04E500E4F97C /* LoginService.swift in Sources */,
				8A572AE6251DE13000E4F97C /* SplashViewController.swift in Sources */,
				8A572AEE251E004B00E4F97C /* ApiRouter.swift in Sources */,
			);
			runOnlyForDeploymentPostprocessing = 0;
		};
		8A037AE4251CB87900FDC5B9 /* Sources */ = {
			isa = PBXSourcesBuildPhase;
			buildActionMask = 2147483647;
			files = (
				8A037AED251CB87900FDC5B9 /* QuickstartTests.swift in Sources */,
			);
			runOnlyForDeploymentPostprocessing = 0;
		};
		8A037AEF251CB87900FDC5B9 /* Sources */ = {
			isa = PBXSourcesBuildPhase;
			buildActionMask = 2147483647;
			files = (
				8A037AF8251CB87900FDC5B9 /* QuickstartUITests.swift in Sources */,
			);
			runOnlyForDeploymentPostprocessing = 0;
		};
/* End PBXSourcesBuildPhase section */

/* Begin PBXTargetDependency section */
		8A037AEA251CB87900FDC5B9 /* PBXTargetDependency */ = {
			isa = PBXTargetDependency;
			target = 8A037ACE251CB87700FDC5B9 /* Quickstart */;
			targetProxy = 8A037AE9251CB87900FDC5B9 /* PBXContainerItemProxy */;
		};
		8A037AF5251CB87900FDC5B9 /* PBXTargetDependency */ = {
			isa = PBXTargetDependency;
			target = 8A037ACE251CB87700FDC5B9 /* Quickstart */;
			targetProxy = 8A037AF4251CB87900FDC5B9 /* PBXContainerItemProxy */;
		};
/* End PBXTargetDependency section */

/* Begin PBXVariantGroup section */
		8A037AE0251CB87900FDC5B9 /* LaunchScreen.storyboard */ = {
			isa = PBXVariantGroup;
			children = (
				8A037AE1251CB87900FDC5B9 /* Base */,
				8A572B0F251E166000E4F97C /* ar */,
			);
			name = LaunchScreen.storyboard;
			sourceTree = "<group>";
		};
		8A572B0E251E165000E4F97C /* LocalisationStrings.strings */ = {
			isa = PBXVariantGroup;
			children = (
				8A572B0D251E165000E4F97C /* en */,
				8A572B10251E166100E4F97C /* ar */,
			);
			name = LocalisationStrings.strings;
			sourceTree = "<group>";
		};
/* End PBXVariantGroup section */

/* Begin XCBuildConfiguration section */
		8A037AFA251CB87900FDC5B9 /* Debug */ = {
			isa = XCBuildConfiguration;
			buildSettings = {
				ALWAYS_SEARCH_USER_PATHS = NO;
				CLANG_ANALYZER_LOCALIZABILITY_NONLOCALIZED = YES;
				CLANG_ANALYZER_NONNULL = YES;
				CLANG_ANALYZER_NUMBER_OBJECT_CONVERSION = YES_AGGRESSIVE;
				CLANG_CXX_LANGUAGE_STANDARD = "gnu++14";
				CLANG_CXX_LIBRARY = "libc++";
				CLANG_ENABLE_MODULES = YES;
				CLANG_ENABLE_OBJC_ARC = YES;
				CLANG_ENABLE_OBJC_WEAK = YES;
				CLANG_WARN_BLOCK_CAPTURE_AUTORELEASING = YES;
				CLANG_WARN_BOOL_CONVERSION = YES;
				CLANG_WARN_COMMA = YES;
				CLANG_WARN_CONSTANT_CONVERSION = YES;
				CLANG_WARN_DEPRECATED_OBJC_IMPLEMENTATIONS = YES;
				CLANG_WARN_DIRECT_OBJC_ISA_USAGE = YES_ERROR;
				CLANG_WARN_DOCUMENTATION_COMMENTS = YES;
				CLANG_WARN_EMPTY_BODY = YES;
				CLANG_WARN_ENUM_CONVERSION = YES;
				CLANG_WARN_INFINITE_RECURSION = YES;
				CLANG_WARN_INT_CONVERSION = YES;
				CLANG_WARN_NON_LITERAL_NULL_CONVERSION = YES;
				CLANG_WARN_OBJC_IMPLICIT_RETAIN_SELF = YES;
				CLANG_WARN_OBJC_LITERAL_CONVERSION = YES;
				CLANG_WARN_OBJC_ROOT_CLASS = YES_ERROR;
				CLANG_WARN_RANGE_LOOP_ANALYSIS = YES;
				CLANG_WARN_STRICT_PROTOTYPES = YES;
				CLANG_WARN_SUSPICIOUS_MOVE = YES;
				CLANG_WARN_UNGUARDED_AVAILABILITY = YES_AGGRESSIVE;
				CLANG_WARN_UNREACHABLE_CODE = YES;
				CLANG_WARN__DUPLICATE_METHOD_MATCH = YES;
				COPY_PHASE_STRIP = NO;
				DEBUG_INFORMATION_FORMAT = dwarf;
				ENABLE_STRICT_OBJC_MSGSEND = YES;
				ENABLE_TESTABILITY = YES;
				GCC_C_LANGUAGE_STANDARD = gnu11;
				GCC_DYNAMIC_NO_PIC = NO;
				GCC_NO_COMMON_BLOCKS = YES;
				GCC_OPTIMIZATION_LEVEL = 0;
				GCC_PREPROCESSOR_DEFINITIONS = (
					"DEBUG=1",
					"$(inherited)",
				);
				GCC_WARN_64_TO_32_BIT_CONVERSION = YES;
				GCC_WARN_ABOUT_RETURN_TYPE = YES_ERROR;
				GCC_WARN_UNDECLARED_SELECTOR = YES;
				GCC_WARN_UNINITIALIZED_AUTOS = YES_AGGRESSIVE;
				GCC_WARN_UNUSED_FUNCTION = YES;
				GCC_WARN_UNUSED_VARIABLE = YES;
				IPHONEOS_DEPLOYMENT_TARGET = 13.6;
				MTL_ENABLE_DEBUG_INFO = INCLUDE_SOURCE;
				MTL_FAST_MATH = YES;
				ONLY_ACTIVE_ARCH = YES;
				SDKROOT = iphoneos;
				SWIFT_ACTIVE_COMPILATION_CONDITIONS = DEBUG;
				SWIFT_OPTIMIZATION_LEVEL = "-Onone";
			};
			name = Debug;
		};
		8A037AFB251CB87900FDC5B9 /* Release */ = {
			isa = XCBuildConfiguration;
			buildSettings = {
				ALWAYS_SEARCH_USER_PATHS = NO;
				CLANG_ANALYZER_LOCALIZABILITY_NONLOCALIZED = YES;
				CLANG_ANALYZER_NONNULL = YES;
				CLANG_ANALYZER_NUMBER_OBJECT_CONVERSION = YES_AGGRESSIVE;
				CLANG_CXX_LANGUAGE_STANDARD = "gnu++14";
				CLANG_CXX_LIBRARY = "libc++";
				CLANG_ENABLE_MODULES = YES;
				CLANG_ENABLE_OBJC_ARC = YES;
				CLANG_ENABLE_OBJC_WEAK = YES;
				CLANG_WARN_BLOCK_CAPTURE_AUTORELEASING = YES;
				CLANG_WARN_BOOL_CONVERSION = YES;
				CLANG_WARN_COMMA = YES;
				CLANG_WARN_CONSTANT_CONVERSION = YES;
				CLANG_WARN_DEPRECATED_OBJC_IMPLEMENTATIONS = YES;
				CLANG_WARN_DIRECT_OBJC_ISA_USAGE = YES_ERROR;
				CLANG_WARN_DOCUMENTATION_COMMENTS = YES;
				CLANG_WARN_EMPTY_BODY = YES;
				CLANG_WARN_ENUM_CONVERSION = YES;
				CLANG_WARN_INFINITE_RECURSION = YES;
				CLANG_WARN_INT_CONVERSION = YES;
				CLANG_WARN_NON_LITERAL_NULL_CONVERSION = YES;
				CLANG_WARN_OBJC_IMPLICIT_RETAIN_SELF = YES;
				CLANG_WARN_OBJC_LITERAL_CONVERSION = YES;
				CLANG_WARN_OBJC_ROOT_CLASS = YES_ERROR;
				CLANG_WARN_RANGE_LOOP_ANALYSIS = YES;
				CLANG_WARN_STRICT_PROTOTYPES = YES;
				CLANG_WARN_SUSPICIOUS_MOVE = YES;
				CLANG_WARN_UNGUARDED_AVAILABILITY = YES_AGGRESSIVE;
				CLANG_WARN_UNREACHABLE_CODE = YES;
				CLANG_WARN__DUPLICATE_METHOD_MATCH = YES;
				COPY_PHASE_STRIP = NO;
				DEBUG_INFORMATION_FORMAT = "dwarf-with-dsym";
				ENABLE_NS_ASSERTIONS = NO;
				ENABLE_STRICT_OBJC_MSGSEND = YES;
				GCC_C_LANGUAGE_STANDARD = gnu11;
				GCC_NO_COMMON_BLOCKS = YES;
				GCC_WARN_64_TO_32_BIT_CONVERSION = YES;
				GCC_WARN_ABOUT_RETURN_TYPE = YES_ERROR;
				GCC_WARN_UNDECLARED_SELECTOR = YES;
				GCC_WARN_UNINITIALIZED_AUTOS = YES_AGGRESSIVE;
				GCC_WARN_UNUSED_FUNCTION = YES;
				GCC_WARN_UNUSED_VARIABLE = YES;
				IPHONEOS_DEPLOYMENT_TARGET = 13.6;
				MTL_ENABLE_DEBUG_INFO = NO;
				MTL_FAST_MATH = YES;
				SDKROOT = iphoneos;
				SWIFT_COMPILATION_MODE = wholemodule;
				SWIFT_OPTIMIZATION_LEVEL = "-O";
				VALIDATE_PRODUCT = YES;
			};
			name = Release;
		};
		8A037AFD251CB87900FDC5B9 /* Debug */ = {
			isa = XCBuildConfiguration;
			baseConfigurationReference = CC4251459166D257485B25B8 /* Pods-Quickstart.debug.xcconfig */;
			buildSettings = {
				ASSETCATALOG_COMPILER_APPICON_NAME = AppIcon;
				CODE_SIGN_STYLE = Automatic;
				DEVELOPMENT_ASSET_PATHS = "\"Quickstart/Preview Content\"";
				ENABLE_PREVIEWS = YES;
				INFOPLIST_FILE = Quickstart/Info.plist;
				IPHONEOS_DEPLOYMENT_TARGET = 13.0;
				LD_RUNPATH_SEARCH_PATHS = (
					"$(inherited)",
					"@executable_path/Frameworks",
				);
				PRODUCT_BUNDLE_IDENTIFIER = com.threeplus.Quickstart;
				PRODUCT_NAME = "$(TARGET_NAME)";
				SWIFT_VERSION = 5.0;
				TARGETED_DEVICE_FAMILY = "1,2";
			};
			name = Debug;
		};
		8A037AFE251CB87900FDC5B9 /* Release */ = {
			isa = XCBuildConfiguration;
			baseConfigurationReference = D3D02939411481C1F8988568 /* Pods-Quickstart.release.xcconfig */;
			buildSettings = {
				ASSETCATALOG_COMPILER_APPICON_NAME = AppIcon;
				CODE_SIGN_STYLE = Automatic;
				DEVELOPMENT_ASSET_PATHS = "\"Quickstart/Preview Content\"";
				ENABLE_PREVIEWS = YES;
				INFOPLIST_FILE = Quickstart/Info.plist;
				IPHONEOS_DEPLOYMENT_TARGET = 13.0;
				LD_RUNPATH_SEARCH_PATHS = (
					"$(inherited)",
					"@executable_path/Frameworks",
				);
				PRODUCT_BUNDLE_IDENTIFIER = com.threeplus.Quickstart;
				PRODUCT_NAME = "$(TARGET_NAME)";
				SWIFT_VERSION = 5.0;
				TARGETED_DEVICE_FAMILY = "1,2";
			};
			name = Release;
		};
		8A037B00251CB87900FDC5B9 /* Debug */ = {
			isa = XCBuildConfiguration;
			baseConfigurationReference = 601E7FBE2826CA4F651104CD /* Pods-QuickstartTests.debug.xcconfig */;
			buildSettings = {
				ALWAYS_EMBED_SWIFT_STANDARD_LIBRARIES = YES;
				BUNDLE_LOADER = "$(TEST_HOST)";
				CODE_SIGN_STYLE = Automatic;
				INFOPLIST_FILE = QuickstartTests/Info.plist;
				IPHONEOS_DEPLOYMENT_TARGET = 13.6;
				LD_RUNPATH_SEARCH_PATHS = (
					"$(inherited)",
					"@executable_path/Frameworks",
					"@loader_path/Frameworks",
				);
				PRODUCT_BUNDLE_IDENTIFIER = com.threeplus.QuickstartTests;
				PRODUCT_NAME = "$(TARGET_NAME)";
				SWIFT_VERSION = 5.0;
				TARGETED_DEVICE_FAMILY = "1,2";
				TEST_HOST = "$(BUILT_PRODUCTS_DIR)/Quickstart.app/Quickstart";
			};
			name = Debug;
		};
		8A037B01251CB87900FDC5B9 /* Release */ = {
			isa = XCBuildConfiguration;
			baseConfigurationReference = A11CD36D8975FAD2AF4BA057 /* Pods-QuickstartTests.release.xcconfig */;
			buildSettings = {
				ALWAYS_EMBED_SWIFT_STANDARD_LIBRARIES = YES;
				BUNDLE_LOADER = "$(TEST_HOST)";
				CODE_SIGN_STYLE = Automatic;
				INFOPLIST_FILE = QuickstartTests/Info.plist;
				IPHONEOS_DEPLOYMENT_TARGET = 13.6;
				LD_RUNPATH_SEARCH_PATHS = (
					"$(inherited)",
					"@executable_path/Frameworks",
					"@loader_path/Frameworks",
				);
				PRODUCT_BUNDLE_IDENTIFIER = com.threeplus.QuickstartTests;
				PRODUCT_NAME = "$(TARGET_NAME)";
				SWIFT_VERSION = 5.0;
				TARGETED_DEVICE_FAMILY = "1,2";
				TEST_HOST = "$(BUILT_PRODUCTS_DIR)/Quickstart.app/Quickstart";
			};
			name = Release;
		};
		8A037B03251CB87900FDC5B9 /* Debug */ = {
			isa = XCBuildConfiguration;
			baseConfigurationReference = 69CF51837C15C6BCBD93E706 /* Pods-Quickstart-QuickstartUITests.debug.xcconfig */;
			buildSettings = {
				ALWAYS_EMBED_SWIFT_STANDARD_LIBRARIES = YES;
				CODE_SIGN_STYLE = Automatic;
				INFOPLIST_FILE = QuickstartUITests/Info.plist;
				LD_RUNPATH_SEARCH_PATHS = (
					"$(inherited)",
					"@executable_path/Frameworks",
					"@loader_path/Frameworks",
				);
				PRODUCT_BUNDLE_IDENTIFIER = com.threeplus.QuickstartUITests;
				PRODUCT_NAME = "$(TARGET_NAME)";
				SWIFT_VERSION = 5.0;
				TARGETED_DEVICE_FAMILY = "1,2";
				TEST_TARGET_NAME = Quickstart;
			};
			name = Debug;
		};
		8A037B04251CB87900FDC5B9 /* Release */ = {
			isa = XCBuildConfiguration;
			baseConfigurationReference = 8BC781D42CA926F799428175 /* Pods-Quickstart-QuickstartUITests.release.xcconfig */;
			buildSettings = {
				ALWAYS_EMBED_SWIFT_STANDARD_LIBRARIES = YES;
				CODE_SIGN_STYLE = Automatic;
				INFOPLIST_FILE = QuickstartUITests/Info.plist;
				LD_RUNPATH_SEARCH_PATHS = (
					"$(inherited)",
					"@executable_path/Frameworks",
					"@loader_path/Frameworks",
				);
				PRODUCT_BUNDLE_IDENTIFIER = com.threeplus.QuickstartUITests;
				PRODUCT_NAME = "$(TARGET_NAME)";
				SWIFT_VERSION = 5.0;
				TARGETED_DEVICE_FAMILY = "1,2";
				TEST_TARGET_NAME = Quickstart;
			};
			name = Release;
		};
/* End XCBuildConfiguration section */

/* Begin XCConfigurationList section */
		8A037ACA251CB87700FDC5B9 /* Build configuration list for PBXProject "Quickstart" */ = {
			isa = XCConfigurationList;
			buildConfigurations = (
				8A037AFA251CB87900FDC5B9 /* Debug */,
				8A037AFB251CB87900FDC5B9 /* Release */,
			);
			defaultConfigurationIsVisible = 0;
			defaultConfigurationName = Release;
		};
		8A037AFC251CB87900FDC5B9 /* Build configuration list for PBXNativeTarget "Quickstart" */ = {
			isa = XCConfigurationList;
			buildConfigurations = (
				8A037AFD251CB87900FDC5B9 /* Debug */,
				8A037AFE251CB87900FDC5B9 /* Release */,
			);
			defaultConfigurationIsVisible = 0;
			defaultConfigurationName = Release;
		};
		8A037AFF251CB87900FDC5B9 /* Build configuration list for PBXNativeTarget "QuickstartTests" */ = {
			isa = XCConfigurationList;
			buildConfigurations = (
				8A037B00251CB87900FDC5B9 /* Debug */,
				8A037B01251CB87900FDC5B9 /* Release */,
			);
			defaultConfigurationIsVisible = 0;
			defaultConfigurationName = Release;
		};
		8A037B02251CB87900FDC5B9 /* Build configuration list for PBXNativeTarget "QuickstartUITests" */ = {
			isa = XCConfigurationList;
			buildConfigurations = (
				8A037B03251CB87900FDC5B9 /* Debug */,
				8A037B04251CB87900FDC5B9 /* Release */,
			);
			defaultConfigurationIsVisible = 0;
			defaultConfigurationName = Release;
		};
/* End XCConfigurationList section */

/* Begin XCVersionGroup section */
		8A037AD6251CB87700FDC5B9 /* Quickstart.xcdatamodeld */ = {
			isa = XCVersionGroup;
			children = (
				8A037AD7251CB87700FDC5B9 /* Quickstart.xcdatamodel */,
			);
			currentVersion = 8A037AD7251CB87700FDC5B9 /* Quickstart.xcdatamodel */;
			path = Quickstart.xcdatamodeld;
			sourceTree = "<group>";
			versionGroupType = wrapper.xcdatamodel;
		};
/* End XCVersionGroup section */
	};
	rootObject = 8A037AC7251CB87700FDC5B9 /* Project object */;
}
